
Microsoft Visual Studio Solution File, Format Version 12.00
# Visual Studio Version 17
VisualStudioVersion = 17.0.32014.148
MinimumVisualStudioVersion = 10.0.40219.1
Project("{FAE04EC0-301F-11D3-BF4B-00C04F79EFBC}") = "CSharpFundamentals3", "CSharpFundamentals3\CSharpFundamentals3.csproj", "{B751CD2F-2F6A-49A5-A643-DE05DA026DE3}"
EndProject
Global
	GlobalSection(SolutionConfigurationPlatforms) = preSolution
		Debug|Any CPU = Debug|Any CPU
		Release|Any CPU = Release|Any CPU
	EndGlobalSection
	GlobalSection(ProjectConfigurationPlatforms) = postSolution
		{B751CD2F-2F6A-49A5-A643-DE05DA026DE3}.Debug|Any CPU.ActiveCfg = Debug|Any CPU
		{B751CD2F-2F6A-49A5-A643-DE05DA026DE3}.Debug|Any CPU.Build.0 = Debug|Any CPU
		{B751CD2F-2F6A-49A5-A643-DE05DA026DE3}.Release|Any CPU.ActiveCfg = Release|Any CPU
		{B751CD2F-2F6A-49A5-A643-DE05DA026DE3}.Release|Any CPU.Build.0 = Release|Any CPU
	EndGlobalSection
	GlobalSection(SolutionProperties) = preSolution
		HideSolutionNode = FALSE
	EndGlobalSection
	GlobalSection(ExtensibilityGlobals) = postSolution
		SolutionGuid = {93A12149-905D-433D-9A0A-65ACA5463A87}
	EndGlobalSection
EndGlobal
